
Microsoft Visual Studio Solution File, Format Version 12.00
# Visual Studio Version 17
VisualStudioVersion = 17.6.33829.357
MinimumVisualStudioVersion = 10.0.40219.1
Project("{FAE04EC0-301F-11D3-BF4B-00C04F79EFBC}") = "Read Only Property", "Read Only Property.csproj", "{5C3AFBF9-8C91-4851-88D2-E5EEB5EE8CDD}"
EndProject
Global
	GlobalSection(SolutionConfigurationPlatforms) = preSolution
		Debug|Any CPU = Debug|Any CPU
		Release|Any CPU = Release|Any CPU
	EndGlobalSection
	GlobalSection(ProjectConfigurationPlatforms) = postSolution
		{5C3AFBF9-8C91-4851-88D2-E5EEB5EE8CDD}.Debug|Any CPU.ActiveCfg = Debug|Any CPU
		{5C3AFBF9-8C91-4851-88D2-E5EEB5EE8CDD}.Debug|Any CPU.Build.0 = Debug|Any CPU
		{5C3AFBF9-8C91-4851-88D2-E5EEB5EE8CDD}.Release|Any CPU.ActiveCfg = Release|Any CPU
		{5C3AFBF9-8C91-4851-88D2-E5EEB5EE8CDD}.Release|Any CPU.Build.0 = Release|Any CPU
	EndGlobalSection
	GlobalSection(SolutionProperties) = preSolution
		HideSolutionNode = FALSE
	EndGlobalSection
	GlobalSection(ExtensibilityGlobals) = postSolution
		SolutionGuid = {4EF785BA-A421-468D-BBC3-48EFAD3E3A29}
	EndGlobalSection
EndGlobal
